
Microsoft Visual Studio Solution File, Format Version 12.00
# Visual Studio 15
Project("{FAE04EC0-301F-11D3-BF4B-00C04F79EFBC}") = "SimpleWebTransport", "SimpleWebTransport.csproj", "{091EF666-C933-3A2A-9539-D502F2396610}"
EndProject
Project("{FAE04EC0-301F-11D3-BF4B-00C04F79EFBC}") = "Mirror.Examples", "Mirror.Examples.csproj", "{EED362EC-D014-D9E8-340D-F20BF207ED0F}"
EndProject
Project("{FAE04EC0-301F-11D3-BF4B-00C04F79EFBC}") = "Mirror", "Mirror.csproj", "{45F9EA88-1216-E38D-C082-3CF9753C18DA}"
EndProject
Project("{FAE04EC0-301F-11D3-BF4B-00C04F79EFBC}") = "Mirror.Components", "Mirror.Components.csproj", "{A840CE61-7AF0-5AEF-60CF-CEE2B033F074}"
EndProject
Project("{FAE04EC0-301F-11D3-BF4B-00C04F79EFBC}") = "Assembly-CSharp", "Assembly-CSharp.csproj", "{7E5FF632-6E40-BBBD-136C-F5E1D2826D32}"
EndProject
Project("{FAE04EC0-301F-11D3-BF4B-00C04F79EFBC}") = "Telepathy", "Telepathy.csproj", "{3BB38914-52A9-986E-9D7F-71FD161286FA}"
EndProject
Project("{FAE04EC0-301F-11D3-BF4B-00C04F79EFBC}") = "kcp2k", "kcp2k.csproj", "{7C39C8E9-39C8-2E50-0328-EC6C3E886B99}"
EndProject
Project("{FAE04EC0-301F-11D3-BF4B-00C04F79EFBC}") = "Mirror.Authenticators", "Mirror.Authenticators.csproj", "{90DDC8F4-CCF2-BFB6-BF65-1D89539F4B61}"
EndProject
Project("{FAE04EC0-301F-11D3-BF4B-00C04F79EFBC}") = "where-allocations", "where-allocations.csproj", "{F5048B75-BC3A-F979-5F12-8A50D87FD9C4}"
EndProject
Project("{FAE04EC0-301F-11D3-BF4B-00C04F79EFBC}") = "Unity.Mirror.CodeGen", "Unity.Mirror.CodeGen.csproj", "{60B14F3A-2394-1DAE-8935-9F327BDF65AC}"
EndProject
Project("{FAE04EC0-301F-11D3-BF4B-00C04F79EFBC}") = "Mirror.Editor", "Mirror.Editor.csproj", "{37E07C18-96C6-1DBC-4227-9D3541366994}"
EndProject
Project("{FAE04EC0-301F-11D3-BF4B-00C04F79EFBC}") = "Mirror.CompilerSymbols", "Mirror.CompilerSymbols.csproj", "{6355F2B2-D6D9-B3B7-5CBE-580985FA501A}"
EndProject
Global
	GlobalSection(SolutionConfigurationPlatforms) = preSolution
		Debug|Any CPU = Debug|Any CPU
		Release|Any CPU = Release|Any CPU
	EndGlobalSection
	GlobalSection(ProjectConfigurationPlatforms) = postSolution
		{091EF666-C933-3A2A-9539-D502F2396610}.Debug|Any CPU.ActiveCfg = Debug|Any CPU
		{091EF666-C933-3A2A-9539-D502F2396610}.Debug|Any CPU.Build.0 = Debug|Any CPU
		{091EF666-C933-3A2A-9539-D502F2396610}.Release|Any CPU.ActiveCfg = Release|Any CPU
		{091EF666-C933-3A2A-9539-D502F2396610}.Release|Any CPU.Build.0 = Release|Any CPU
		{EED362EC-D014-D9E8-340D-F20BF207ED0F}.Debug|Any CPU.ActiveCfg = Debug|Any CPU
		{EED362EC-D014-D9E8-340D-F20BF207ED0F}.Debug|Any CPU.Build.0 = Debug|Any CPU
		{EED362EC-D014-D9E8-340D-F20BF207ED0F}.Release|Any CPU.ActiveCfg = Release|Any CPU
		{EED362EC-D014-D9E8-340D-F20BF207ED0F}.Release|Any CPU.Build.0 = Release|Any CPU
		{45F9EA88-1216-E38D-C082-3CF9753C18DA}.Debug|Any CPU.ActiveCfg = Debug|Any CPU
		{45F9EA88-1216-E38D-C082-3CF9753C18DA}.Debug|Any CPU.Build.0 = Debug|Any CPU
		{45F9EA88-1216-E38D-C082-3CF9753C18DA}.Release|Any CPU.ActiveCfg = Release|Any CPU
		{45F9EA88-1216-E38D-C082-3CF9753C18DA}.Release|Any CPU.Build.0 = Release|Any CPU
		{A840CE61-7AF0-5AEF-60CF-CEE2B033F074}.Debug|Any CPU.ActiveCfg = Debug|Any CPU
		{A840CE61-7AF0-5AEF-60CF-CEE2B033F074}.Debug|Any CPU.Build.0 = Debug|Any CPU
		{A840CE61-7AF0-5AEF-60CF-CEE2B033F074}.Release|Any CPU.ActiveCfg = Release|Any CPU
		{A840CE61-7AF0-5AEF-60CF-CEE2B033F074}.Release|Any CPU.Build.0 = Release|Any CPU
		{7E5FF632-6E40-BBBD-136C-F5E1D2826D32}.Debug|Any CPU.ActiveCfg = Debug|Any CPU
		{7E5FF632-6E40-BBBD-136C-F5E1D2826D32}.Debug|Any CPU.Build.0 = Debug|Any CPU
		{7E5FF632-6E40-BBBD-136C-F5E1D2826D32}.Release|Any CPU.ActiveCfg = Release|Any CPU
		{7E5FF632-6E40-BBBD-136C-F5E1D2826D32}.Release|Any CPU.Build.0 = Release|Any CPU
		{3BB38914-52A9-986E-9D7F-71FD161286FA}.Debug|Any CPU.ActiveCfg = Debug|Any CPU
		{3BB38914-52A9-986E-9D7F-71FD161286FA}.Debug|Any CPU.Build.0 = Debug|Any CPU
		{3BB38914-52A9-986E-9D7F-71FD161286FA}.Release|Any CPU.ActiveCfg = Release|Any CPU
		{3BB38914-52A9-986E-9D7F-71FD161286FA}.Release|Any CPU.Build.0 = Release|Any CPU
		{7C39C8E9-39C8-2E50-0328-EC6C3E886B99}.Debug|Any CPU.ActiveCfg = Debug|Any CPU
		{7C39C8E9-39C8-2E50-0328-EC6C3E886B99}.Debug|Any CPU.Build.0 = Debug|Any CPU
		{7C39C8E9-39C8-2E50-0328-EC6C3E886B99}.Release|Any CPU.ActiveCfg = Release|Any CPU
		{7C39C8E9-39C8-2E50-0328-EC6C3E886B99}.Release|Any CPU.Build.0 = Release|Any CPU
		{90DDC8F4-CCF2-BFB6-BF65-1D89539F4B61}.Debug|Any CPU.ActiveCfg = Debug|Any CPU
		{90DDC8F4-CCF2-BFB6-BF65-1D89539F4B61}.Debug|Any CPU.Build.0 = Debug|Any CPU
		{90DDC8F4-CCF2-BFB6-BF65-1D89539F4B61}.Release|Any CPU.ActiveCfg = Release|Any CPU
		{90DDC8F4-CCF2-BFB6-BF65-1D89539F4B61}.Release|Any CPU.Build.0 = Release|Any CPU
		{F5048B75-BC3A-F979-5F12-8A50D87FD9C4}.Debug|Any CPU.ActiveCfg = Debug|Any CPU
		{F5048B75-BC3A-F979-5F12-8A50D87FD9C4}.Debug|Any CPU.Build.0 = Debug|Any CPU
		{F5048B75-BC3A-F979-5F12-8A50D87FD9C4}.Release|Any CPU.ActiveCfg = Release|Any CPU
		{F5048B75-BC3A-F979-5F12-8A50D87FD9C4}.Release|Any CPU.Build.0 = Release|Any CPU
		{60B14F3A-2394-1DAE-8935-9F327BDF65AC}.Debug|Any CPU.ActiveCfg = Debug|Any CPU
		{60B14F3A-2394-1DAE-8935-9F327BDF65AC}.Debug|Any CPU.Build.0 = Debug|Any CPU
		{60B14F3A-2394-1DAE-8935-9F327BDF65AC}.Release|Any CPU.ActiveCfg = Release|Any CPU
		{60B14F3A-2394-1DAE-8935-9F327BDF65AC}.Release|Any CPU.Build.0 = Release|Any CPU
		{37E07C18-96C6-1DBC-4227-9D3541366994}.Debug|Any CPU.ActiveCfg = Debug|Any CPU
		{37E07C18-96C6-1DBC-4227-9D3541366994}.Debug|Any CPU.Build.0 = Debug|Any CPU
		{37E07C18-96C6-1DBC-4227-9D3541366994}.Release|Any CPU.ActiveCfg = Release|Any CPU
		{37E07C18-96C6-1DBC-4227-9D3541366994}.Release|Any CPU.Build.0 = Release|Any CPU
		{6355F2B2-D6D9-B3B7-5CBE-580985FA501A}.Debug|Any CPU.ActiveCfg = Debug|Any CPU
		{6355F2B2-D6D9-B3B7-5CBE-580985FA501A}.Debug|Any CPU.Build.0 = Debug|Any CPU
		{6355F2B2-D6D9-B3B7-5CBE-580985FA501A}.Release|Any CPU.ActiveCfg = Release|Any CPU
		{6355F2B2-D6D9-B3B7-5CBE-580985FA501A}.Release|Any CPU.Build.0 = Release|Any CPU
	EndGlobalSection
	GlobalSection(SolutionProperties) = preSolution
		HideSolutionNode = FALSE
	EndGlobalSection
EndGlobal
