
Microsoft Visual Studio Solution File, Format Version 12.00
# Visual Studio 15
Project("{FAE04EC0-301F-11D3-BF4B-00C04F79EFBC}") = "Mirror", "Mirror.csproj", "{45F9EA88-1216-E38D-C082-3CF9753C18DA}"
EndProject
Project("{FAE04EC0-301F-11D3-BF4B-00C04F79EFBC}") = "SimpleWebTransport", "SimpleWebTransport.csproj", "{091EF666-C933-3A2A-9539-D502F2396610}"
EndProject
Project("{FAE04EC0-301F-11D3-BF4B-00C04F79EFBC}") = "Mirror.Examples", "Mirror.Examples.csproj", "{EED362EC-D014-D9E8-340D-F20BF207ED0F}"
EndProject
Project("{FAE04EC0-301F-11D3-BF4B-00C04F79EFBC}") = "Mirror.Components", "Mirror.Components.csproj", "{A840CE61-7AF0-5AEF-60CF-CEE2B033F074}"
EndProject
Project("{FAE04EC0-301F-11D3-BF4B-00C04F79EFBC}") = "Mirror.Tests.Runtime", "Mirror.Tests.Runtime.csproj", "{F79B3C91-6E95-4B82-9B3B-EF272B9AAE58}"
EndProject
Project("{FAE04EC0-301F-11D3-BF4B-00C04F79EFBC}") = "Assembly-CSharp", "Assembly-CSharp.csproj", "{7E5FF632-6E40-BBBD-136C-F5E1D2826D32}"
EndProject
Project("{FAE04EC0-301F-11D3-BF4B-00C04F79EFBC}") = "Telepathy", "Telepathy.csproj", "{3BB38914-52A9-986E-9D7F-71FD161286FA}"
EndProject
Project("{FAE04EC0-301F-11D3-BF4B-00C04F79EFBC}") = "Mirror.Cloud", "Mirror.Cloud.csproj", "{63F2AD46-096F-EAB8-5A89-06A53ABE94FD}"
EndProject
Project("{FAE04EC0-301F-11D3-BF4B-00C04F79EFBC}") = "kcp2k", "kcp2k.csproj", "{7C39C8E9-39C8-2E50-0328-EC6C3E886B99}"
EndProject
Project("{FAE04EC0-301F-11D3-BF4B-00C04F79EFBC}") = "Mirror.Examples.Cloud.GUI", "Mirror.Examples.Cloud.GUI.csproj", "{6B1D4055-1492-9F77-E361-13385ED98C69}"
EndProject
Project("{FAE04EC0-301F-11D3-BF4B-00C04F79EFBC}") = "Mirror.Examples.Cloud.Pong", "Mirror.Examples.Cloud.Pong.csproj", "{87FB6B63-7330-7761-DCC8-CDEB53AB2C91}"
EndProject
Project("{FAE04EC0-301F-11D3-BF4B-00C04F79EFBC}") = "Mirror.Authenticators", "Mirror.Authenticators.csproj", "{90DDC8F4-CCF2-BFB6-BF65-1D89539F4B61}"
EndProject
Project("{FAE04EC0-301F-11D3-BF4B-00C04F79EFBC}") = "Mirror.Tests.Common", "Mirror.Tests.Common.csproj", "{870AD983-5C04-868D-C15C-411E78AE9666}"
EndProject
Project("{FAE04EC0-301F-11D3-BF4B-00C04F79EFBC}") = "Mirror.Tests.Performance.Runtime", "Mirror.Tests.Performance.Runtime.csproj", "{5B59B890-9EA5-F03D-02ED-B11FD7D45651}"
EndProject
Project("{FAE04EC0-301F-11D3-BF4B-00C04F79EFBC}") = "Mirror.Weaver", "Mirror.Weaver.csproj", "{78215D30-CFC2-2806-96F2-7DFE2437F4E4}"
EndProject
Project("{FAE04EC0-301F-11D3-BF4B-00C04F79EFBC}") = "Mirror.Tests", "Mirror.Tests.csproj", "{F49CA50C-BA1A-BC23-F1C8-2BBB0FD4453D}"
EndProject
Project("{FAE04EC0-301F-11D3-BF4B-00C04F79EFBC}") = "WeaverTestExtraAssembly", "WeaverTestExtraAssembly.csproj", "{47706B2C-266D-2BE3-7A69-AC0658AAEEA2}"
EndProject
Project("{FAE04EC0-301F-11D3-BF4B-00C04F79EFBC}") = "Mirror.Editor", "Mirror.Editor.csproj", "{37E07C18-96C6-1DBC-4227-9D3541366994}"
EndProject
Project("{FAE04EC0-301F-11D3-BF4B-00C04F79EFBC}") = "Mirror.CompilerSymbols", "Mirror.CompilerSymbols.csproj", "{6355F2B2-D6D9-B3B7-5CBE-580985FA501A}"
EndProject
Project("{FAE04EC0-301F-11D3-BF4B-00C04F79EFBC}") = "Mirror.Tests.Performance.Editor", "Mirror.Tests.Performance.Editor.csproj", "{81AACF50-CA5E-7536-FDC1-F3E283BBF81E}"
EndProject
Global
	GlobalSection(SolutionConfigurationPlatforms) = preSolution
		Debug|Any CPU = Debug|Any CPU
		Release|Any CPU = Release|Any CPU
	EndGlobalSection
	GlobalSection(ProjectConfigurationPlatforms) = postSolution
		{45F9EA88-1216-E38D-C082-3CF9753C18DA}.Debug|Any CPU.ActiveCfg = Debug|Any CPU
		{45F9EA88-1216-E38D-C082-3CF9753C18DA}.Debug|Any CPU.Build.0 = Debug|Any CPU
		{45F9EA88-1216-E38D-C082-3CF9753C18DA}.Release|Any CPU.ActiveCfg = Release|Any CPU
		{45F9EA88-1216-E38D-C082-3CF9753C18DA}.Release|Any CPU.Build.0 = Release|Any CPU
		{091EF666-C933-3A2A-9539-D502F2396610}.Debug|Any CPU.ActiveCfg = Debug|Any CPU
		{091EF666-C933-3A2A-9539-D502F2396610}.Debug|Any CPU.Build.0 = Debug|Any CPU
		{091EF666-C933-3A2A-9539-D502F2396610}.Release|Any CPU.ActiveCfg = Release|Any CPU
		{091EF666-C933-3A2A-9539-D502F2396610}.Release|Any CPU.Build.0 = Release|Any CPU
		{EED362EC-D014-D9E8-340D-F20BF207ED0F}.Debug|Any CPU.ActiveCfg = Debug|Any CPU
		{EED362EC-D014-D9E8-340D-F20BF207ED0F}.Debug|Any CPU.Build.0 = Debug|Any CPU
		{EED362EC-D014-D9E8-340D-F20BF207ED0F}.Release|Any CPU.ActiveCfg = Release|Any CPU
		{EED362EC-D014-D9E8-340D-F20BF207ED0F}.Release|Any CPU.Build.0 = Release|Any CPU
		{A840CE61-7AF0-5AEF-60CF-CEE2B033F074}.Debug|Any CPU.ActiveCfg = Debug|Any CPU
		{A840CE61-7AF0-5AEF-60CF-CEE2B033F074}.Debug|Any CPU.Build.0 = Debug|Any CPU
		{A840CE61-7AF0-5AEF-60CF-CEE2B033F074}.Release|Any CPU.ActiveCfg = Release|Any CPU
		{A840CE61-7AF0-5AEF-60CF-CEE2B033F074}.Release|Any CPU.Build.0 = Release|Any CPU
		{F79B3C91-6E95-4B82-9B3B-EF272B9AAE58}.Debug|Any CPU.ActiveCfg = Debug|Any CPU
		{F79B3C91-6E95-4B82-9B3B-EF272B9AAE58}.Debug|Any CPU.Build.0 = Debug|Any CPU
		{F79B3C91-6E95-4B82-9B3B-EF272B9AAE58}.Release|Any CPU.ActiveCfg = Release|Any CPU
		{F79B3C91-6E95-4B82-9B3B-EF272B9AAE58}.Release|Any CPU.Build.0 = Release|Any CPU
		{7E5FF632-6E40-BBBD-136C-F5E1D2826D32}.Debug|Any CPU.ActiveCfg = Debug|Any CPU
		{7E5FF632-6E40-BBBD-136C-F5E1D2826D32}.Debug|Any CPU.Build.0 = Debug|Any CPU
		{7E5FF632-6E40-BBBD-136C-F5E1D2826D32}.Release|Any CPU.ActiveCfg = Release|Any CPU
		{7E5FF632-6E40-BBBD-136C-F5E1D2826D32}.Release|Any CPU.Build.0 = Release|Any CPU
		{3BB38914-52A9-986E-9D7F-71FD161286FA}.Debug|Any CPU.ActiveCfg = Debug|Any CPU
		{3BB38914-52A9-986E-9D7F-71FD161286FA}.Debug|Any CPU.Build.0 = Debug|Any CPU
		{3BB38914-52A9-986E-9D7F-71FD161286FA}.Release|Any CPU.ActiveCfg = Release|Any CPU
		{3BB38914-52A9-986E-9D7F-71FD161286FA}.Release|Any CPU.Build.0 = Release|Any CPU
		{63F2AD46-096F-EAB8-5A89-06A53ABE94FD}.Debug|Any CPU.ActiveCfg = Debug|Any CPU
		{63F2AD46-096F-EAB8-5A89-06A53ABE94FD}.Debug|Any CPU.Build.0 = Debug|Any CPU
		{63F2AD46-096F-EAB8-5A89-06A53ABE94FD}.Release|Any CPU.ActiveCfg = Release|Any CPU
		{63F2AD46-096F-EAB8-5A89-06A53ABE94FD}.Release|Any CPU.Build.0 = Release|Any CPU
		{7C39C8E9-39C8-2E50-0328-EC6C3E886B99}.Debug|Any CPU.ActiveCfg = Debug|Any CPU
		{7C39C8E9-39C8-2E50-0328-EC6C3E886B99}.Debug|Any CPU.Build.0 = Debug|Any CPU
		{7C39C8E9-39C8-2E50-0328-EC6C3E886B99}.Release|Any CPU.ActiveCfg = Release|Any CPU
		{7C39C8E9-39C8-2E50-0328-EC6C3E886B99}.Release|Any CPU.Build.0 = Release|Any CPU
		{6B1D4055-1492-9F77-E361-13385ED98C69}.Debug|Any CPU.ActiveCfg = Debug|Any CPU
		{6B1D4055-1492-9F77-E361-13385ED98C69}.Debug|Any CPU.Build.0 = Debug|Any CPU
		{6B1D4055-1492-9F77-E361-13385ED98C69}.Release|Any CPU.ActiveCfg = Release|Any CPU
		{6B1D4055-1492-9F77-E361-13385ED98C69}.Release|Any CPU.Build.0 = Release|Any CPU
		{87FB6B63-7330-7761-DCC8-CDEB53AB2C91}.Debug|Any CPU.ActiveCfg = Debug|Any CPU
		{87FB6B63-7330-7761-DCC8-CDEB53AB2C91}.Debug|Any CPU.Build.0 = Debug|Any CPU
		{87FB6B63-7330-7761-DCC8-CDEB53AB2C91}.Release|Any CPU.ActiveCfg = Release|Any CPU
		{87FB6B63-7330-7761-DCC8-CDEB53AB2C91}.Release|Any CPU.Build.0 = Release|Any CPU
		{90DDC8F4-CCF2-BFB6-BF65-1D89539F4B61}.Debug|Any CPU.ActiveCfg = Debug|Any CPU
		{90DDC8F4-CCF2-BFB6-BF65-1D89539F4B61}.Debug|Any CPU.Build.0 = Debug|Any CPU
		{90DDC8F4-CCF2-BFB6-BF65-1D89539F4B61}.Release|Any CPU.ActiveCfg = Release|Any CPU
		{90DDC8F4-CCF2-BFB6-BF65-1D89539F4B61}.Release|Any CPU.Build.0 = Release|Any CPU
		{870AD983-5C04-868D-C15C-411E78AE9666}.Debug|Any CPU.ActiveCfg = Debug|Any CPU
		{870AD983-5C04-868D-C15C-411E78AE9666}.Debug|Any CPU.Build.0 = Debug|Any CPU
		{870AD983-5C04-868D-C15C-411E78AE9666}.Release|Any CPU.ActiveCfg = Release|Any CPU
		{870AD983-5C04-868D-C15C-411E78AE9666}.Release|Any CPU.Build.0 = Release|Any CPU
		{5B59B890-9EA5-F03D-02ED-B11FD7D45651}.Debug|Any CPU.ActiveCfg = Debug|Any CPU
		{5B59B890-9EA5-F03D-02ED-B11FD7D45651}.Debug|Any CPU.Build.0 = Debug|Any CPU
		{5B59B890-9EA5-F03D-02ED-B11FD7D45651}.Release|Any CPU.ActiveCfg = Release|Any CPU
		{5B59B890-9EA5-F03D-02ED-B11FD7D45651}.Release|Any CPU.Build.0 = Release|Any CPU
		{78215D30-CFC2-2806-96F2-7DFE2437F4E4}.Debug|Any CPU.ActiveCfg = Debug|Any CPU
		{78215D30-CFC2-2806-96F2-7DFE2437F4E4}.Debug|Any CPU.Build.0 = Debug|Any CPU
		{78215D30-CFC2-2806-96F2-7DFE2437F4E4}.Release|Any CPU.ActiveCfg = Release|Any CPU
		{78215D30-CFC2-2806-96F2-7DFE2437F4E4}.Release|Any CPU.Build.0 = Release|Any CPU
		{F49CA50C-BA1A-BC23-F1C8-2BBB0FD4453D}.Debug|Any CPU.ActiveCfg = Debug|Any CPU
		{F49CA50C-BA1A-BC23-F1C8-2BBB0FD4453D}.Debug|Any CPU.Build.0 = Debug|Any CPU
		{F49CA50C-BA1A-BC23-F1C8-2BBB0FD4453D}.Release|Any CPU.ActiveCfg = Release|Any CPU
		{F49CA50C-BA1A-BC23-F1C8-2BBB0FD4453D}.Release|Any CPU.Build.0 = Release|Any CPU
		{47706B2C-266D-2BE3-7A69-AC0658AAEEA2}.Debug|Any CPU.ActiveCfg = Debug|Any CPU
		{47706B2C-266D-2BE3-7A69-AC0658AAEEA2}.Debug|Any CPU.Build.0 = Debug|Any CPU
		{47706B2C-266D-2BE3-7A69-AC0658AAEEA2}.Release|Any CPU.ActiveCfg = Release|Any CPU
		{47706B2C-266D-2BE3-7A69-AC0658AAEEA2}.Release|Any CPU.Build.0 = Release|Any CPU
		{37E07C18-96C6-1DBC-4227-9D3541366994}.Debug|Any CPU.ActiveCfg = Debug|Any CPU
		{37E07C18-96C6-1DBC-4227-9D3541366994}.Debug|Any CPU.Build.0 = Debug|Any CPU
		{37E07C18-96C6-1DBC-4227-9D3541366994}.Release|Any CPU.ActiveCfg = Release|Any CPU
		{37E07C18-96C6-1DBC-4227-9D3541366994}.Release|Any CPU.Build.0 = Release|Any CPU
		{6355F2B2-D6D9-B3B7-5CBE-580985FA501A}.Debug|Any CPU.ActiveCfg = Debug|Any CPU
		{6355F2B2-D6D9-B3B7-5CBE-580985FA501A}.Debug|Any CPU.Build.0 = Debug|Any CPU
		{6355F2B2-D6D9-B3B7-5CBE-580985FA501A}.Release|Any CPU.ActiveCfg = Release|Any CPU
		{6355F2B2-D6D9-B3B7-5CBE-580985FA501A}.Release|Any CPU.Build.0 = Release|Any CPU
		{81AACF50-CA5E-7536-FDC1-F3E283BBF81E}.Debug|Any CPU.ActiveCfg = Debug|Any CPU
		{81AACF50-CA5E-7536-FDC1-F3E283BBF81E}.Debug|Any CPU.Build.0 = Debug|Any CPU
		{81AACF50-CA5E-7536-FDC1-F3E283BBF81E}.Release|Any CPU.ActiveCfg = Release|Any CPU
		{81AACF50-CA5E-7536-FDC1-F3E283BBF81E}.Release|Any CPU.Build.0 = Release|Any CPU
	EndGlobalSection
	GlobalSection(SolutionProperties) = preSolution
		HideSolutionNode = FALSE
	EndGlobalSection
EndGlobal
